
Microsoft Visual Studio Solution File, Format Version 12.00
# Visual Studio Version 17
VisualStudioVersion = 17.11.35219.272
MinimumVisualStudioVersion = 10.0.40219.1
Project("{FAE04EC0-301F-11D3-BF4B-00C04F79EFBC}") = "firstAPI", "firstAPI\firstAPI.csproj", "{67B7A774-3285-47BD-88EB-4B5855D9176D}"
EndProject
Global
	GlobalSection(SolutionConfigurationPlatforms) = preSolution
		Debug|Any CPU = Debug|Any CPU
		Release|Any CPU = Release|Any CPU
	EndGlobalSection
	GlobalSection(ProjectConfigurationPlatforms) = postSolution
		{67B7A774-3285-47BD-88EB-4B5855D9176D}.Debug|Any CPU.ActiveCfg = Debug|Any CPU
		{67B7A774-3285-47BD-88EB-4B5855D9176D}.Debug|Any CPU.Build.0 = Debug|Any CPU
		{67B7A774-3285-47BD-88EB-4B5855D9176D}.Release|Any CPU.ActiveCfg = Release|Any CPU
		{67B7A774-3285-47BD-88EB-4B5855D9176D}.Release|Any CPU.Build.0 = Release|Any CPU
	EndGlobalSection
	GlobalSection(SolutionProperties) = preSolution
		HideSolutionNode = FALSE
	EndGlobalSection
	GlobalSection(ExtensibilityGlobals) = postSolution
		SolutionGuid = {44C999D7-D78A-4B18-A766-8D83D476384A}
	EndGlobalSection
EndGlobal
